
Microsoft Visual Studio Solution File, Format Version 12.00
# Visual Studio Version 17
VisualStudioVersion = 17.2.32616.157
MinimumVisualStudioVersion = 10.0.40219.1
Project("{9A19103F-16F7-4668-BE54-9A1E7A4F7556}") = "HelloCSharpWin", "HelloCSharpWin\HelloCSharpWin.csproj", "{0A05DA10-72B3-4E86-9F5A-52F6AC787481}"
EndProject
Project("{FAE04EC0-301F-11D3-BF4B-00C04F79EFBC}") = "CuteCat", "CuteCat\CuteCat.csproj", "{64970E1A-4946-43AC-97C9-E7C079C5C74C}"
EndProject
Global
	GlobalSection(SolutionConfigurationPlatforms) = preSolution
		Debug|Any CPU = Debug|Any CPU
		Release|Any CPU = Release|Any CPU
	EndGlobalSection
	GlobalSection(ProjectConfigurationPlatforms) = postSolution
		{0A05DA10-72B3-4E86-9F5A-52F6AC787481}.Debug|Any CPU.ActiveCfg = Debug|Any CPU
		{0A05DA10-72B3-4E86-9F5A-52F6AC787481}.Debug|Any CPU.Build.0 = Debug|Any CPU
		{0A05DA10-72B3-4E86-9F5A-52F6AC787481}.Release|Any CPU.ActiveCfg = Release|Any CPU
		{0A05DA10-72B3-4E86-9F5A-52F6AC787481}.Release|Any CPU.Build.0 = Release|Any CPU
		{64970E1A-4946-43AC-97C9-E7C079C5C74C}.Debug|Any CPU.ActiveCfg = Debug|Any CPU
		{64970E1A-4946-43AC-97C9-E7C079C5C74C}.Debug|Any CPU.Build.0 = Debug|Any CPU
		{64970E1A-4946-43AC-97C9-E7C079C5C74C}.Release|Any CPU.ActiveCfg = Release|Any CPU
		{64970E1A-4946-43AC-97C9-E7C079C5C74C}.Release|Any CPU.Build.0 = Release|Any CPU
	EndGlobalSection
	GlobalSection(SolutionProperties) = preSolution
		HideSolutionNode = FALSE
	EndGlobalSection
	GlobalSection(ExtensibilityGlobals) = postSolution
		SolutionGuid = {DBED9960-0751-48A7-8AFA-5C443F94F99E}
	EndGlobalSection
EndGlobal
